
Microsoft Visual Studio Solution File, Format Version 12.00
# Visual Studio Version 17
VisualStudioVersion = 17.0.31903.59
MinimumVisualStudioVersion = 10.0.40219.1
Project("{2150E333-8FDC-42A3-9474-1A3956D46DE8}") = "src", "src", "{6AF16714-514C-4444-88DF-14206789B672}"
EndProject
Project("{FAE04EC0-301F-11D3-BF4B-00C04F79EFBC}") = "Epoch.Application", "src\Epoch.Application\Epoch.Application.csproj", "{724ED0BA-F0CE-4D80-80B6-3CEEC11A5F16}"
EndProject
Project("{FAE04EC0-301F-11D3-BF4B-00C04F79EFBC}") = "Epoch.Content", "src\Epoch.Content\Epoch.Content.csproj", "{2663841A-0F1B-41BD-A200-4AC1B9696861}"
EndProject
Project("{FAE04EC0-301F-11D3-BF4B-00C04F79EFBC}") = "Epoch.Core", "src\Epoch.Core\Epoch.Core.csproj", "{7EF70923-F032-4D08-93A6-D7EFD4615C1E}"
EndProject
Project("{FAE04EC0-301F-11D3-BF4B-00C04F79EFBC}") = "Epoch.Debug", "src\Epoch.Debug\Epoch.Debug.csproj", "{E8D15AAE-3847-416C-96F8-3AC205851A92}"
EndProject
Project("{2150E333-8FDC-42A3-9474-1A3956D46DE8}") = "tests", "tests", "{49DBD3B7-0359-4BB2-AE1C-C2A715792E7F}"
EndProject
Project("{FAE04EC0-301F-11D3-BF4B-00C04F79EFBC}") = "Epoch.Architecture.Tests", "tests\Epoch.Architecture.Tests\Epoch.Architecture.Tests.csproj", "{CFFA3C4E-757F-431A-BD16-683C7758D959}"
EndProject
Project("{FAE04EC0-301F-11D3-BF4B-00C04F79EFBC}") = "Epoch.Content.Tests", "tests\Epoch.Content.Tests\Epoch.Content.Tests.csproj", "{82E9AC8F-C111-4737-A870-E571B4FF4F84}"
EndProject
Project("{FAE04EC0-301F-11D3-BF4B-00C04F79EFBC}") = "Epoch.Core.Tests", "tests\Epoch.Core.Tests\Epoch.Core.Tests.csproj", "{1535005D-6037-41E7-B715-1C8216031607}"
EndProject
Project("{FAE04EC0-301F-11D3-BF4B-00C04F79EFBC}") = "Epoch.Oracle.Tests", "tests\Epoch.Oracle.Tests\Epoch.Oracle.Tests.csproj", "{A919D0BA-65F2-4F8E-ADB3-CAE256DA19D8}"
EndProject
Project("{FAE04EC0-301F-11D3-BF4B-00C04F79EFBC}") = "Epoch.Testing", "tests\Epoch.Testing\Epoch.Testing.csproj", "{D9235AC0-7165-4E15-90B7-6C36BD6C452E}"
EndProject
Global
	GlobalSection(SolutionConfigurationPlatforms) = preSolution
		Debug|Any CPU = Debug|Any CPU
		Release|Any CPU = Release|Any CPU
	EndGlobalSection
	GlobalSection(SolutionProperties) = preSolution
		HideSolutionNode = FALSE
	EndGlobalSection
	GlobalSection(ProjectConfigurationPlatforms) = postSolution
		{724ED0BA-F0CE-4D80-80B6-3CEEC11A5F16}.Debug|Any CPU.ActiveCfg = Debug|Any CPU
		{724ED0BA-F0CE-4D80-80B6-3CEEC11A5F16}.Debug|Any CPU.Build.0 = Debug|Any CPU
		{724ED0BA-F0CE-4D80-80B6-3CEEC11A5F16}.Release|Any CPU.ActiveCfg = Release|Any CPU
		{724ED0BA-F0CE-4D80-80B6-3CEEC11A5F16}.Release|Any CPU.Build.0 = Release|Any CPU
		{2663841A-0F1B-41BD-A200-4AC1B9696861}.Debug|Any CPU.ActiveCfg = Debug|Any CPU
		{2663841A-0F1B-41BD-A200-4AC1B9696861}.Debug|Any CPU.Build.0 = Debug|Any CPU
		{2663841A-0F1B-41BD-A200-4AC1B9696861}.Release|Any CPU.ActiveCfg = Release|Any CPU
		{2663841A-0F1B-41BD-A200-4AC1B9696861}.Release|Any CPU.Build.0 = Release|Any CPU
		{7EF70923-F032-4D08-93A6-D7EFD4615C1E}.Debug|Any CPU.ActiveCfg = Debug|Any CPU
		{7EF70923-F032-4D08-93A6-D7EFD4615C1E}.Debug|Any CPU.Build.0 = Debug|Any CPU
		{7EF70923-F032-4D08-93A6-D7EFD4615C1E}.Release|Any CPU.ActiveCfg = Release|Any CPU
		{7EF70923-F032-4D08-93A6-D7EFD4615C1E}.Release|Any CPU.Build.0 = Release|Any CPU
		{E8D15AAE-3847-416C-96F8-3AC205851A92}.Debug|Any CPU.ActiveCfg = Debug|Any CPU
		{E8D15AAE-3847-416C-96F8-3AC205851A92}.Debug|Any CPU.Build.0 = Debug|Any CPU
		{E8D15AAE-3847-416C-96F8-3AC205851A92}.Release|Any CPU.ActiveCfg = Release|Any CPU
		{E8D15AAE-3847-416C-96F8-3AC205851A92}.Release|Any CPU.Build.0 = Release|Any CPU
		{CFFA3C4E-757F-431A-BD16-683C7758D959}.Debug|Any CPU.ActiveCfg = Debug|Any CPU
		{CFFA3C4E-757F-431A-BD16-683C7758D959}.Debug|Any CPU.Build.0 = Debug|Any CPU
		{CFFA3C4E-757F-431A-BD16-683C7758D959}.Release|Any CPU.ActiveCfg = Release|Any CPU
		{CFFA3C4E-757F-431A-BD16-683C7758D959}.Release|Any CPU.Build.0 = Release|Any CPU
		{82E9AC8F-C111-4737-A870-E571B4FF4F84}.Debug|Any CPU.ActiveCfg = Debug|Any CPU
		{82E9AC8F-C111-4737-A870-E571B4FF4F84}.Debug|Any CPU.Build.0 = Debug|Any CPU
		{82E9AC8F-C111-4737-A870-E571B4FF4F84}.Release|Any CPU.ActiveCfg = Release|Any CPU
		{82E9AC8F-C111-4737-A870-E571B4FF4F84}.Release|Any CPU.Build.0 = Release|Any CPU
		{1535005D-6037-41E7-B715-1C8216031607}.Debug|Any CPU.ActiveCfg = Debug|Any CPU
		{1535005D-6037-41E7-B715-1C8216031607}.Debug|Any CPU.Build.0 = Debug|Any CPU
		{1535005D-6037-41E7-B715-1C8216031607}.Release|Any CPU.ActiveCfg = Release|Any CPU
		{1535005D-6037-41E7-B715-1C8216031607}.Release|Any CPU.Build.0 = Release|Any CPU
		{A919D0BA-65F2-4F8E-ADB3-CAE256DA19D8}.Debug|Any CPU.ActiveCfg = Debug|Any CPU
		{A919D0BA-65F2-4F8E-ADB3-CAE256DA19D8}.Debug|Any CPU.Build.0 = Debug|Any CPU
		{A919D0BA-65F2-4F8E-ADB3-CAE256DA19D8}.Release|Any CPU.ActiveCfg = Release|Any CPU
		{A919D0BA-65F2-4F8E-ADB3-CAE256DA19D8}.Release|Any CPU.Build.0 = Release|Any CPU
		{D9235AC0-7165-4E15-90B7-6C36BD6C452E}.Debug|Any CPU.ActiveCfg = Debug|Any CPU
		{D9235AC0-7165-4E15-90B7-6C36BD6C452E}.Debug|Any CPU.Build.0 = Debug|Any CPU
		{D9235AC0-7165-4E15-90B7-6C36BD6C452E}.Release|Any CPU.ActiveCfg = Release|Any CPU
		{D9235AC0-7165-4E15-90B7-6C36BD6C452E}.Release|Any CPU.Build.0 = Release|Any CPU
	EndGlobalSection
	GlobalSection(NestedProjects) = preSolution
		{724ED0BA-F0CE-4D80-80B6-3CEEC11A5F16} = {6AF16714-514C-4444-88DF-14206789B672}
		{2663841A-0F1B-41BD-A200-4AC1B9696861} = {6AF16714-514C-4444-88DF-14206789B672}
		{7EF70923-F032-4D08-93A6-D7EFD4615C1E} = {6AF16714-514C-4444-88DF-14206789B672}
		{E8D15AAE-3847-416C-96F8-3AC205851A92} = {6AF16714-514C-4444-88DF-14206789B672}
		{CFFA3C4E-757F-431A-BD16-683C7758D959} = {49DBD3B7-0359-4BB2-AE1C-C2A715792E7F}
		{82E9AC8F-C111-4737-A870-E571B4FF4F84} = {49DBD3B7-0359-4BB2-AE1C-C2A715792E7F}
		{1535005D-6037-41E7-B715-1C8216031607} = {49DBD3B7-0359-4BB2-AE1C-C2A715792E7F}
		{A919D0BA-65F2-4F8E-ADB3-CAE256DA19D8} = {49DBD3B7-0359-4BB2-AE1C-C2A715792E7F}
		{D9235AC0-7165-4E15-90B7-6C36BD6C452E} = {49DBD3B7-0359-4BB2-AE1C-C2A715792E7F}
	EndGlobalSection
EndGlobal
